
Microsoft Visual Studio Solution File, Format Version 12.00
# Visual Studio Version 17
VisualStudioVersion = 17.10.35122.118
MinimumVisualStudioVersion = 10.0.40219.1
Project("{FAE04EC0-301F-11D3-BF4B-00C04F79EFBC}") = "GeekLinx", "GeekLinx.csproj", "{2A8869CB-B9E8-4714-914E-C8E6CB04797B}"
EndProject
Global
	GlobalSection(SolutionConfigurationPlatforms) = preSolution
		Debug|Any CPU = Debug|Any CPU
		Release|Any CPU = Release|Any CPU
	EndGlobalSection
	GlobalSection(ProjectConfigurationPlatforms) = postSolution
		{2A8869CB-B9E8-4714-914E-C8E6CB04797B}.Debug|Any CPU.ActiveCfg = Debug|Any CPU
		{2A8869CB-B9E8-4714-914E-C8E6CB04797B}.Debug|Any CPU.Build.0 = Debug|Any CPU
		{2A8869CB-B9E8-4714-914E-C8E6CB04797B}.Release|Any CPU.ActiveCfg = Release|Any CPU
		{2A8869CB-B9E8-4714-914E-C8E6CB04797B}.Release|Any CPU.Build.0 = Release|Any CPU
	EndGlobalSection
	GlobalSection(SolutionProperties) = preSolution
		HideSolutionNode = FALSE
	EndGlobalSection
	GlobalSection(ExtensibilityGlobals) = postSolution
		SolutionGuid = {9A9BC085-399B-4DDF-8E69-0CE571DBA829}
	EndGlobalSection
EndGlobal
